// !$*UTF8*$!
{
	archiveVersion = 1;
	classes = {
	};
	objectVersion = 48;
	objects = {

/* Begin PBXBuildFile section */
		46E029EFAF96BFC345CBDD13 /* Pods_storyBoardLessTests.framework in Frameworks */ = {isa = PBXBuildFile; fileRef = 44E1631C3F4702AC09A8EE74 /* Pods_storyBoardLessTests.framework */; };
		4C9C07FB2008822A00BC5D58 /* AppDelegate.swift in Sources */ = {isa = PBXBuildFile; fileRef = 4C9C07FA2008822A00BC5D58 /* AppDelegate.swift */; };
		4C9C07FD2008822A00BC5D58 /* ViewController.swift in Sources */ = {isa = PBXBuildFile; fileRef = 4C9C07FC2008822A00BC5D58 /* ViewController.swift */; };
		4C9C08002008822A00BC5D58 /* Main.storyboard in Resources */ = {isa = PBXBuildFile; fileRef = 4C9C07FE2008822A00BC5D58 /* Main.storyboard */; };
		4C9C08022008822A00BC5D58 /* Assets.xcassets in Resources */ = {isa = PBXBuildFile; fileRef = 4C9C08012008822A00BC5D58 /* Assets.xcassets */; };
		4C9C08052008822A00BC5D58 /* LaunchScreen.storyboard in Resources */ = {isa = PBXBuildFile; fileRef = 4C9C08032008822A00BC5D58 /* LaunchScreen.storyboard */; };
		4C9C08102008822B00BC5D58 /* storyBoardLessTests.swift in Sources */ = {isa = PBXBuildFile; fileRef = 4C9C080F2008822B00BC5D58 /* storyBoardLessTests.swift */; };
		4C9C081B2008822B00BC5D58 /* storyBoardLessUITests.swift in Sources */ = {isa = PBXBuildFile; fileRef = 4C9C081A2008822B00BC5D58 /* storyBoardLessUITests.swift */; };
		4C9C08292008842000BC5D58 /* NextViewController.swift in Sources */ = {isa = PBXBuildFile; fileRef = 4C9C08282008842000BC5D58 /* NextViewController.swift */; };
		4C9C0831200D854900BC5D58 /* SubStoryboard.storyboard in Resources */ = {isa = PBXBuildFile; fileRef = 4C9C0830200D854900BC5D58 /* SubStoryboard.storyboard */; };
		824FB0B35311A2384AE9EDC0 /* Pods_storyBoardLess.framework in Frameworks */ = {isa = PBXBuildFile; fileRef = 6FB0DF0FDFAFA5194D29ED77 /* Pods_storyBoardLess.framework */; };
		F65B67ED2B142E330F429EC0 /* Pods_storyBoardLessUITests.framework in Frameworks */ = {isa = PBXBuildFile; fileRef = 994F790539569265F5DF9482 /* Pods_storyBoardLessUITests.framework */; };
/* End PBXBuildFile section */

/* Begin PBXContainerItemProxy section */
		4C9C080C2008822B00BC5D58 /* PBXContainerItemProxy */ = {
			isa = PBXContainerItemProxy;
			containerPortal = 4C9C07EF2008822A00BC5D58 /* Project object */;
			proxyType = 1;
			remoteGlobalIDString = 4C9C07F62008822A00BC5D58;
			remoteInfo = storyBoardLess;
		};
		4C9C08172008822B00BC5D58 /* PBXContainerItemProxy */ = {
			isa = PBXContainerItemProxy;
			containerPortal = 4C9C07EF2008822A00BC5D58 /* Project object */;
			proxyType = 1;
			remoteGlobalIDString = 4C9C07F62008822A00BC5D58;
			remoteInfo = storyBoardLess;
		};
/* End PBXContainerItemProxy section */

/* Begin PBXFileReference section */
		44E1631C3F4702AC09A8EE74 /* Pods_storyBoardLessTests.framework */ = {isa = PBXFileReference; explicitFileType = wrapper.framework; includeInIndex = 0; path = Pods_storyBoardLessTests.framework; sourceTree = BUILT_PRODUCTS_DIR; };
		4C9C07F72008822A00BC5D58 /* storyBoardLess.app */ = {isa = PBXFileReference; explicitFileType = wrapper.application; includeInIndex = 0; path = storyBoardLess.app; sourceTree = BUILT_PRODUCTS_DIR; };
		4C9C07FA2008822A00BC5D58 /* AppDelegate.swift */ = {isa = PBXFileReference; lastKnownFileType = sourcecode.swift; path = AppDelegate.swift; sourceTree = "<group>"; };
		4C9C07FC2008822A00BC5D58 /* ViewController.swift */ = {isa = PBXFileReference; lastKnownFileType = sourcecode.swift; path = ViewController.swift; sourceTree = "<group>"; };
		4C9C07FF2008822A00BC5D58 /* Base */ = {isa = PBXFileReference; lastKnownFileType = file.storyboard; name = Base; path = Base.lproj/Main.storyboard; sourceTree = "<group>"; };
		4C9C08012008822A00BC5D58 /* Assets.xcassets */ = {isa = PBXFileReference; lastKnownFileType = folder.assetcatalog; path = Assets.xcassets; sourceTree = "<group>"; };
		4C9C08042008822A00BC5D58 /* Base */ = {isa = PBXFileReference; lastKnownFileType = file.storyboard; name = Base; path = Base.lproj/LaunchScreen.storyboard; sourceTree = "<group>"; };
		4C9C08062008822A00BC5D58 /* Info.plist */ = {isa = PBXFileReference; lastKnownFileType = text.plist.xml; path = Info.plist; sourceTree = "<group>"; };
		4C9C080B2008822B00BC5D58 /* storyBoardLessTests.xctest */ = {isa = PBXFileReference; explicitFileType = wrapper.cfbundle; includeInIndex = 0; path = storyBoardLessTests.xctest; sourceTree = BUILT_PRODUCTS_DIR; };
		4C9C080F2008822B00BC5D58 /* storyBoardLessTests.swift */ = {isa = PBXFileReference; lastKnownFileType = sourcecode.swift; path = storyBoardLessTests.swift; sourceTree = "<group>"; };
		4C9C08112008822B00BC5D58 /* Info.plist */ = {isa = PBXFileReference; lastKnownFileType = text.plist.xml; path = Info.plist; sourceTree = "<group>"; };
		4C9C08162008822B00BC5D58 /* storyBoardLessUITests.xctest */ = {isa = PBXFileReference; explicitFileType = wrapper.cfbundle; includeInIndex = 0; path = storyBoardLessUITests.xctest; sourceTree = BUILT_PRODUCTS_DIR; };
		4C9C081A2008822B00BC5D58 /* storyBoardLessUITests.swift */ = {isa = PBXFileReference; lastKnownFileType = sourcecode.swift; path = storyBoardLessUITests.swift; sourceTree = "<group>"; };
		4C9C081C2008822B00BC5D58 /* Info.plist */ = {isa = PBXFileReference; lastKnownFileType = text.plist.xml; path = Info.plist; sourceTree = "<group>"; };
		4C9C08282008842000BC5D58 /* NextViewController.swift */ = {isa = PBXFileReference; lastKnownFileType = sourcecode.swift; path = NextViewController.swift; sourceTree = "<group>"; };
		4C9C0830200D854900BC5D58 /* SubStoryboard.storyboard */ = {isa = PBXFileReference; lastKnownFileType = file.storyboard; path = SubStoryboard.storyboard; sourceTree = "<group>"; };
		4DB775AC864589A8CCEAA9A1 /* Pods-storyBoardLessUITests.debug.xcconfig */ = {isa = PBXFileReference; includeInIndex = 1; lastKnownFileType = text.xcconfig; name = "Pods-storyBoardLessUITests.debug.xcconfig"; path = "Pods/Target Support Files/Pods-storyBoardLessUITests/Pods-storyBoardLessUITests.debug.xcconfig"; sourceTree = "<group>"; };
		6FB0DF0FDFAFA5194D29ED77 /* Pods_storyBoardLess.framework */ = {isa = PBXFileReference; explicitFileType = wrapper.framework; includeInIndex = 0; path = Pods_storyBoardLess.framework; sourceTree = BUILT_PRODUCTS_DIR; };
		98FA323EC46E28560A5465E4 /* Pods-storyBoardLess.release.xcconfig */ = {isa = PBXFileReference; includeInIndex = 1; lastKnownFileType = text.xcconfig; name = "Pods-storyBoardLess.release.xcconfig"; path = "Pods/Target Support Files/Pods-storyBoardLess/Pods-storyBoardLess.release.xcconfig"; sourceTree = "<group>"; };
		994F790539569265F5DF9482 /* Pods_storyBoardLessUITests.framework */ = {isa = PBXFileReference; explicitFileType = wrapper.framework; includeInIndex = 0; path = Pods_storyBoardLessUITests.framework; sourceTree = BUILT_PRODUCTS_DIR; };
		A414843260F646F297DE68F8 /* Pods-storyBoardLess.debug.xcconfig */ = {isa = PBXFileReference; includeInIndex = 1; lastKnownFileType = text.xcconfig; name = "Pods-storyBoardLess.debug.xcconfig"; path = "Pods/Target Support Files/Pods-storyBoardLess/Pods-storyBoardLess.debug.xcconfig"; sourceTree = "<group>"; };
		DA17A6B8D225B2101ACD753F /* Pods-storyBoardLessTests.release.xcconfig */ = {isa = PBXFileReference; includeInIndex = 1; lastKnownFileType = text.xcconfig; name = "Pods-storyBoardLessTests.release.xcconfig"; path = "Pods/Target Support Files/Pods-storyBoardLessTests/Pods-storyBoardLessTests.release.xcconfig"; sourceTree = "<group>"; };
		F0D893DF46D3ACA8993CC5F4 /* Pods-storyBoardLessTests.debug.xcconfig */ = {isa = PBXFileReference; includeInIndex = 1; lastKnownFileType = text.xcconfig; name = "Pods-storyBoardLessTests.debug.xcconfig"; path = "Pods/Target Support Files/Pods-storyBoardLessTests/Pods-storyBoardLessTests.debug.xcconfig"; sourceTree = "<group>"; };
		FB8F88A94C4D6CD1533554EA /* Pods-storyBoardLessUITests.release.xcconfig */ = {isa = PBXFileReference; includeInIndex = 1; lastKnownFileType = text.xcconfig; name = "Pods-storyBoardLessUITests.release.xcconfig"; path = "Pods/Target Support Files/Pods-storyBoardLessUITests/Pods-storyBoardLessUITests.release.xcconfig"; sourceTree = "<group>"; };
/* End PBXFileReference section */

/* Begin PBXFrameworksBuildPhase section */
		4C9C07F42008822A00BC5D58 /* Frameworks */ = {
			isa = PBXFrameworksBuildPhase;
			buildActionMask = 2147483647;
			files = (
				824FB0B35311A2384AE9EDC0 /* Pods_storyBoardLess.framework in Frameworks */,
			);
			runOnlyForDeploymentPostprocessing = 0;
		};
		4C9C08082008822B00BC5D58 /* Frameworks */ = {
			isa = PBXFrameworksBuildPhase;
			buildActionMask = 2147483647;
			files = (
				46E029EFAF96BFC345CBDD13 /* Pods_storyBoardLessTests.framework in Frameworks */,
			);
			runOnlyForDeploymentPostprocessing = 0;
		};
		4C9C08132008822B00BC5D58 /* Frameworks */ = {
			isa = PBXFrameworksBuildPhase;
			buildActionMask = 2147483647;
			files = (
				F65B67ED2B142E330F429EC0 /* Pods_storyBoardLessUITests.framework in Frameworks */,
			);
			runOnlyForDeploymentPostprocessing = 0;
		};
/* End PBXFrameworksBuildPhase section */

/* Begin PBXGroup section */
		4C9C07EE2008822A00BC5D58 = {
			isa = PBXGroup;
			children = (
				4C9C07F92008822A00BC5D58 /* storyBoardLess */,
				4C9C080E2008822B00BC5D58 /* storyBoardLessTests */,
				4C9C08192008822B00BC5D58 /* storyBoardLessUITests */,
				4C9C07F82008822A00BC5D58 /* Products */,
				9E442B941DDB8015AED9C88C /* Pods */,
				8F434859B2FB2738AEB7D54C /* Frameworks */,
			);
			sourceTree = "<group>";
		};
		4C9C07F82008822A00BC5D58 /* Products */ = {
			isa = PBXGroup;
			children = (
				4C9C07F72008822A00BC5D58 /* storyBoardLess.app */,
				4C9C080B2008822B00BC5D58 /* storyBoardLessTests.xctest */,
				4C9C08162008822B00BC5D58 /* storyBoardLessUITests.xctest */,
			);
			name = Products;
			sourceTree = "<group>";
		};
		4C9C07F92008822A00BC5D58 /* storyBoardLess */ = {
			isa = PBXGroup;
			children = (
				4C9C07FA2008822A00BC5D58 /* AppDelegate.swift */,
				4C9C07FC2008822A00BC5D58 /* ViewController.swift */,
				4C9C08282008842000BC5D58 /* NextViewController.swift */,
				4C9C07FE2008822A00BC5D58 /* Main.storyboard */,
				4C9C0830200D854900BC5D58 /* SubStoryboard.storyboard */,
				4C9C08012008822A00BC5D58 /* Assets.xcassets */,
				4C9C08032008822A00BC5D58 /* LaunchScreen.storyboard */,
				4C9C08062008822A00BC5D58 /* Info.plist */,
			);
			path = storyBoardLess;
			sourceTree = "<group>";
		};
		4C9C080E2008822B00BC5D58 /* storyBoardLessTests */ = {
			isa = PBXGroup;
			children = (
				4C9C080F2008822B00BC5D58 /* storyBoardLessTests.swift */,
				4C9C08112008822B00BC5D58 /* Info.plist */,
			);
			path = storyBoardLessTests;
			sourceTree = "<group>";
		};
		4C9C08192008822B00BC5D58 /* storyBoardLessUITests */ = {
			isa = PBXGroup;
			children = (
				4C9C081A2008822B00BC5D58 /* storyBoardLessUITests.swift */,
				4C9C081C2008822B00BC5D58 /* Info.plist */,
			);
			path = storyBoardLessUITests;
			sourceTree = "<group>";
		};
		8F434859B2FB2738AEB7D54C /* Frameworks */ = {
			isa = PBXGroup;
			children = (
				6FB0DF0FDFAFA5194D29ED77 /* Pods_storyBoardLess.framework */,
				44E1631C3F4702AC09A8EE74 /* Pods_storyBoardLessTests.framework */,
				994F790539569265F5DF9482 /* Pods_storyBoardLessUITests.framework */,
			);
			name = Frameworks;
			sourceTree = "<group>";
		};
		9E442B941DDB8015AED9C88C /* Pods */ = {
			isa = PBXGroup;
			children = (
				A414843260F646F297DE68F8 /* Pods-storyBoardLess.debug.xcconfig */,
				98FA323EC46E28560A5465E4 /* Pods-storyBoardLess.release.xcconfig */,
				F0D893DF46D3ACA8993CC5F4 /* Pods-storyBoardLessTests.debug.xcconfig */,
				DA17A6B8D225B2101ACD753F /* Pods-storyBoardLessTests.release.xcconfig */,
				4DB775AC864589A8CCEAA9A1 /* Pods-storyBoardLessUITests.debug.xcconfig */,
				FB8F88A94C4D6CD1533554EA /* Pods-storyBoardLessUITests.release.xcconfig */,
			);
			name = Pods;
			sourceTree = "<group>";
		};
/* End PBXGroup section */

/* Begin PBXNativeTarget section */
		4C9C07F62008822A00BC5D58 /* storyBoardLess */ = {
			isa = PBXNativeTarget;
			buildConfigurationList = 4C9C081F2008822B00BC5D58 /* Build configuration list for PBXNativeTarget "storyBoardLess" */;
			buildPhases = (
				A6B3D7324F4CE7F1D5FAE819 /* [CP] Check Pods Manifest.lock */,
				4C9C07F32008822A00BC5D58 /* Sources */,
				4C9C07F42008822A00BC5D58 /* Frameworks */,
				4C9C07F52008822A00BC5D58 /* Resources */,
				6504AD153E5CDDDF3D9258F6 /* [CP] Embed Pods Frameworks */,
				44E86777ABAE60A3F336BF25 /* [CP] Copy Pods Resources */,
				4C9C082A200888A300BC5D58 /* swift Lint */,
			);
			buildRules = (
			);
			dependencies = (
			);
			name = storyBoardLess;
			productName = storyBoardLess;
			productReference = 4C9C07F72008822A00BC5D58 /* storyBoardLess.app */;
			productType = "com.apple.product-type.application";
		};
		4C9C080A2008822B00BC5D58 /* storyBoardLessTests */ = {
			isa = PBXNativeTarget;
			buildConfigurationList = 4C9C08222008822B00BC5D58 /* Build configuration list for PBXNativeTarget "storyBoardLessTests" */;
			buildPhases = (
				9D7E5E2328107A19FECF3E48 /* [CP] Check Pods Manifest.lock */,
				4C9C08072008822B00BC5D58 /* Sources */,
				4C9C08082008822B00BC5D58 /* Frameworks */,
				4C9C08092008822B00BC5D58 /* Resources */,
				5E1CDEBC8B2513512E62B0BA /* [CP] Embed Pods Frameworks */,
				B54AB7DE9792500EFED6124F /* [CP] Copy Pods Resources */,
			);
			buildRules = (
			);
			dependencies = (
				4C9C080D2008822B00BC5D58 /* PBXTargetDependency */,
			);
			name = storyBoardLessTests;
			productName = storyBoardLessTests;
			productReference = 4C9C080B2008822B00BC5D58 /* storyBoardLessTests.xctest */;
			productType = "com.apple.product-type.bundle.unit-test";
		};
		4C9C08152008822B00BC5D58 /* storyBoardLessUITests */ = {
			isa = PBXNativeTarget;
			buildConfigurationList = 4C9C08252008822B00BC5D58 /* Build configuration list for PBXNativeTarget "storyBoardLessUITests" */;
			buildPhases = (
				F031D225FCB1696E1C92EF0D /* [CP] Check Pods Manifest.lock */,
				4C9C08122008822B00BC5D58 /* Sources */,
				4C9C08132008822B00BC5D58 /* Frameworks */,
				4C9C08142008822B00BC5D58 /* Resources */,
				F0525A161D694272030FA278 /* [CP] Embed Pods Frameworks */,
				DE6F9324400057BE1DF2FA4B /* [CP] Copy Pods Resources */,
			);
			buildRules = (
			);
			dependencies = (
				4C9C08182008822B00BC5D58 /* PBXTargetDependency */,
			);
			name = storyBoardLessUITests;
			productName = storyBoardLessUITests;
			productReference = 4C9C08162008822B00BC5D58 /* storyBoardLessUITests.xctest */;
			productType = "com.apple.product-type.bundle.ui-testing";
		};
/* End PBXNativeTarget section */

/* Begin PBXProject section */
		4C9C07EF2008822A00BC5D58 /* Project object */ = {
			isa = PBXProject;
			attributes = {
				LastSwiftUpdateCheck = 0920;
				LastUpgradeCheck = 0920;
				ORGANIZATIONNAME = "yama-sho";
				TargetAttributes = {
					4C9C07F62008822A00BC5D58 = {
						CreatedOnToolsVersion = 9.2;
						ProvisioningStyle = Automatic;
					};
					4C9C080A2008822B00BC5D58 = {
						CreatedOnToolsVersion = 9.2;
						ProvisioningStyle = Automatic;
						TestTargetID = 4C9C07F62008822A00BC5D58;
					};
					4C9C08152008822B00BC5D58 = {
						CreatedOnToolsVersion = 9.2;
						ProvisioningStyle = Automatic;
						TestTargetID = 4C9C07F62008822A00BC5D58;
					};
				};
			};
			buildConfigurationList = 4C9C07F22008822A00BC5D58 /* Build configuration list for PBXProject "storyBoardLess" */;
			compatibilityVersion = "Xcode 8.0";
			developmentRegion = en;
			hasScannedForEncodings = 0;
			knownRegions = (
				en,
				Base,
			);
			mainGroup = 4C9C07EE2008822A00BC5D58;
			productRefGroup = 4C9C07F82008822A00BC5D58 /* Products */;
			projectDirPath = "";
			projectRoot = "";
			targets = (
				4C9C07F62008822A00BC5D58 /* storyBoardLess */,
				4C9C080A2008822B00BC5D58 /* storyBoardLessTests */,
				4C9C08152008822B00BC5D58 /* storyBoardLessUITests */,
			);
		};
/* End PBXProject section */

/* Begin PBXResourcesBuildPhase section */
		4C9C07F52008822A00BC5D58 /* Resources */ = {
			isa = PBXResourcesBuildPhase;
			buildActionMask = 2147483647;
			files = (
				4C9C08052008822A00BC5D58 /* LaunchScreen.storyboard in Resources */,
				4C9C08022008822A00BC5D58 /* Assets.xcassets in Resources */,
				4C9C0831200D854900BC5D58 /* SubStoryboard.storyboard in Resources */,
				4C9C08002008822A00BC5D58 /* Main.storyboard in Resources */,
			);
			runOnlyForDeploymentPostprocessing = 0;
		};
		4C9C08092008822B00BC5D58 /* Resources */ = {
			isa = PBXResourcesBuildPhase;
			buildActionMask = 2147483647;
			files = (
			);
			runOnlyForDeploymentPostprocessing = 0;
		};
		4C9C08142008822B00BC5D58 /* Resources */ = {
			isa = PBXResourcesBuildPhase;
			buildActionMask = 2147483647;
			files = (
			);
			runOnlyForDeploymentPostprocessing = 0;
		};
/* End PBXResourcesBuildPhase section */

/* Begin PBXShellScriptBuildPhase section */
		44E86777ABAE60A3F336BF25 /* [CP] Copy Pods Resources */ = {
			isa = PBXShellScriptBuildPhase;
			buildActionMask = 2147483647;
			files = (
			);
			inputPaths = (
			);
			name = "[CP] Copy Pods Resources";
			outputPaths = (
			);
			runOnlyForDeploymentPostprocessing = 0;
			shellPath = /bin/sh;
			shellScript = "\"${SRCROOT}/Pods/Target Support Files/Pods-storyBoardLess/Pods-storyBoardLess-resources.sh\"\n";
			showEnvVarsInLog = 0;
		};
		4C9C082A200888A300BC5D58 /* swift Lint */ = {
			isa = PBXShellScriptBuildPhase;
			buildActionMask = 2147483647;
			files = (
			);
			inputPaths = (
			);
			name = "swift Lint";
			outputPaths = (
			);
			runOnlyForDeploymentPostprocessing = 0;
			shellPath = /bin/sh;
			shellScript = "if which swiftlint >/dev/null; then\nswiftlint autocorrect\nswiftlint\nelse\necho \"SwiftLint does not exist, download from https://github.com/realm/SwiftLint\"\nfi";
		};
		5E1CDEBC8B2513512E62B0BA /* [CP] Embed Pods Frameworks */ = {
			isa = PBXShellScriptBuildPhase;
			buildActionMask = 2147483647;
			files = (
			);
			inputPaths = (
			);
			name = "[CP] Embed Pods Frameworks";
			outputPaths = (
			);
			runOnlyForDeploymentPostprocessing = 0;
			shellPath = /bin/sh;
			shellScript = "\"${SRCROOT}/Pods/Target Support Files/Pods-storyBoardLessTests/Pods-storyBoardLessTests-frameworks.sh\"\n";
			showEnvVarsInLog = 0;
		};
		6504AD153E5CDDDF3D9258F6 /* [CP] Embed Pods Frameworks */ = {
			isa = PBXShellScriptBuildPhase;
			buildActionMask = 2147483647;
			files = (
			);
			inputPaths = (
				"${SRCROOT}/Pods/Target Support Files/Pods-storyBoardLess/Pods-storyBoardLess-frameworks.sh",
				"${BUILT_PRODUCTS_DIR}/MDFInternationalization/MDFInternationalization.framework",
				"${BUILT_PRODUCTS_DIR}/MDFTextAccessibility/MDFTextAccessibility.framework",
				"${BUILT_PRODUCTS_DIR}/MaterialComponents/MaterialComponents.framework",
				"${BUILT_PRODUCTS_DIR}/MotionAnimator/MotionAnimator.framework",
				"${BUILT_PRODUCTS_DIR}/MotionInterchange/MotionInterchange.framework",
				"${BUILT_PRODUCTS_DIR}/MotionTransitioning/MotionTransitioning.framework",
			);
			name = "[CP] Embed Pods Frameworks";
			outputPaths = (
				"${TARGET_BUILD_DIR}/${FRAMEWORKS_FOLDER_PATH}/MDFInternationalization.framework",
				"${TARGET_BUILD_DIR}/${FRAMEWORKS_FOLDER_PATH}/MDFTextAccessibility.framework",
				"${TARGET_BUILD_DIR}/${FRAMEWORKS_FOLDER_PATH}/MaterialComponents.framework",
				"${TARGET_BUILD_DIR}/${FRAMEWORKS_FOLDER_PATH}/MotionAnimator.framework",
				"${TARGET_BUILD_DIR}/${FRAMEWORKS_FOLDER_PATH}/MotionInterchange.framework",
				"${TARGET_BUILD_DIR}/${FRAMEWORKS_FOLDER_PATH}/MotionTransitioning.framework",
			);
			runOnlyForDeploymentPostprocessing = 0;
			shellPath = /bin/sh;
			shellScript = "\"${SRCROOT}/Pods/Target Support Files/Pods-storyBoardLess/Pods-storyBoardLess-frameworks.sh\"\n";
			showEnvVarsInLog = 0;
		};
		9D7E5E2328107A19FECF3E48 /* [CP] Check Pods Manifest.lock */ = {
			isa = PBXShellScriptBuildPhase;
			buildActionMask = 2147483647;
			files = (
			);
			inputPaths = (
				"${PODS_PODFILE_DIR_PATH}/Podfile.lock",
				"${PODS_ROOT}/Manifest.lock",
			);
			name = "[CP] Check Pods Manifest.lock";
			outputPaths = (
				"$(DERIVED_FILE_DIR)/Pods-storyBoardLessTests-checkManifestLockResult.txt",
			);
			runOnlyForDeploymentPostprocessing = 0;
			shellPath = /bin/sh;
			shellScript = "diff \"${PODS_PODFILE_DIR_PATH}/Podfile.lock\" \"${PODS_ROOT}/Manifest.lock\" > /dev/null\nif [ $? != 0 ] ; then\n    # print error to STDERR\n    echo \"error: The sandbox is not in sync with the Podfile.lock. Run 'pod install' or update your CocoaPods installation.\" >&2\n    exit 1\nfi\n# This output is used by Xcode 'outputs' to avoid re-running this script phase.\necho \"SUCCESS\" > \"${SCRIPT_OUTPUT_FILE_0}\"\n";
			showEnvVarsInLog = 0;
		};
		A6B3D7324F4CE7F1D5FAE819 /* [CP] Check Pods Manifest.lock */ = {
			isa = PBXShellScriptBuildPhase;
			buildActionMask = 2147483647;
			files = (
			);
			inputPaths = (
				"${PODS_PODFILE_DIR_PATH}/Podfile.lock",
				"${PODS_ROOT}/Manifest.lock",
			);
			name = "[CP] Check Pods Manifest.lock";
			outputPaths = (
				"$(DERIVED_FILE_DIR)/Pods-storyBoardLess-checkManifestLockResult.txt",
			);
			runOnlyForDeploymentPostprocessing = 0;
			shellPath = /bin/sh;
			shellScript = "diff \"${PODS_PODFILE_DIR_PATH}/Podfile.lock\" \"${PODS_ROOT}/Manifest.lock\" > /dev/null\nif [ $? != 0 ] ; then\n    # print error to STDERR\n    echo \"error: The sandbox is not in sync with the Podfile.lock. Run 'pod install' or update your CocoaPods installation.\" >&2\n    exit 1\nfi\n# This output is used by Xcode 'outputs' to avoid re-running this script phase.\necho \"SUCCESS\" > \"${SCRIPT_OUTPUT_FILE_0}\"\n";
			showEnvVarsInLog = 0;
		};
		B54AB7DE9792500EFED6124F /* [CP] Copy Pods Resources */ = {
			isa = PBXShellScriptBuildPhase;
			buildActionMask = 2147483647;
			files = (
			);
			inputPaths = (
			);
			name = "[CP] Copy Pods Resources";
			outputPaths = (
			);
			runOnlyForDeploymentPostprocessing = 0;
			shellPath = /bin/sh;
			shellScript = "\"${SRCROOT}/Pods/Target Support Files/Pods-storyBoardLessTests/Pods-storyBoardLessTests-resources.sh\"\n";
			showEnvVarsInLog = 0;
		};
		DE6F9324400057BE1DF2FA4B /* [CP] Copy Pods Resources */ = {
			isa = PBXShellScriptBuildPhase;
			buildActionMask = 2147483647;
			files = (
			);
			inputPaths = (
			);
			name = "[CP] Copy Pods Resources";
			outputPaths = (
			);
			runOnlyForDeploymentPostprocessing = 0;
			shellPath = /bin/sh;
			shellScript = "\"${SRCROOT}/Pods/Target Support Files/Pods-storyBoardLessUITests/Pods-storyBoardLessUITests-resources.sh\"\n";
			showEnvVarsInLog = 0;
		};
		F031D225FCB1696E1C92EF0D /* [CP] Check Pods Manifest.lock */ = {
			isa = PBXShellScriptBuildPhase;
			buildActionMask = 2147483647;
			files = (
			);
			inputPaths = (
				"${PODS_PODFILE_DIR_PATH}/Podfile.lock",
				"${PODS_ROOT}/Manifest.lock",
			);
			name = "[CP] Check Pods Manifest.lock";
			outputPaths = (
				"$(DERIVED_FILE_DIR)/Pods-storyBoardLessUITests-checkManifestLockResult.txt",
			);
			runOnlyForDeploymentPostprocessing = 0;
			shellPath = /bin/sh;
			shellScript = "diff \"${PODS_PODFILE_DIR_PATH}/Podfile.lock\" \"${PODS_ROOT}/Manifest.lock\" > /dev/null\nif [ $? != 0 ] ; then\n    # print error to STDERR\n    echo \"error: The sandbox is not in sync with the Podfile.lock. Run 'pod install' or update your CocoaPods installation.\" >&2\n    exit 1\nfi\n# This output is used by Xcode 'outputs' to avoid re-running this script phase.\necho \"SUCCESS\" > \"${SCRIPT_OUTPUT_FILE_0}\"\n";
			showEnvVarsInLog = 0;
		};
		F0525A161D694272030FA278 /* [CP] Embed Pods Frameworks */ = {
			isa = PBXShellScriptBuildPhase;
			buildActionMask = 2147483647;
			files = (
			);
			inputPaths = (
			);
			name = "[CP] Embed Pods Frameworks";
			outputPaths = (
			);
			runOnlyForDeploymentPostprocessing = 0;
			shellPath = /bin/sh;
			shellScript = "\"${SRCROOT}/Pods/Target Support Files/Pods-storyBoardLessUITests/Pods-storyBoardLessUITests-frameworks.sh\"\n";
			showEnvVarsInLog = 0;
		};
/* End PBXShellScriptBuildPhase section */

/* Begin PBXSourcesBuildPhase section */
		4C9C07F32008822A00BC5D58 /* Sources */ = {
			isa = PBXSourcesBuildPhase;
			buildActionMask = 2147483647;
			files = (
				4C9C07FD2008822A00BC5D58 /* ViewController.swift in Sources */,
				4C9C08292008842000BC5D58 /* NextViewController.swift in Sources */,
				4C9C07FB2008822A00BC5D58 /* AppDelegate.swift in Sources */,
			);
			runOnlyForDeploymentPostprocessing = 0;
		};
		4C9C08072008822B00BC5D58 /* Sources */ = {
			isa = PBXSourcesBuildPhase;
			buildActionMask = 2147483647;
			files = (
				4C9C08102008822B00BC5D58 /* storyBoardLessTests.swift in Sources */,
			);
			runOnlyForDeploymentPostprocessing = 0;
		};
		4C9C08122008822B00BC5D58 /* Sources */ = {
			isa = PBXSourcesBuildPhase;
			buildActionMask = 2147483647;
			files = (
				4C9C081B2008822B00BC5D58 /* storyBoardLessUITests.swift in Sources */,
			);
			runOnlyForDeploymentPostprocessing = 0;
		};
/* End PBXSourcesBuildPhase section */

/* Begin PBXTargetDependency section */
		4C9C080D2008822B00BC5D58 /* PBXTargetDependency */ = {
			isa = PBXTargetDependency;
			target = 4C9C07F62008822A00BC5D58 /* storyBoardLess */;
			targetProxy = 4C9C080C2008822B00BC5D58 /* PBXContainerItemProxy */;
		};
		4C9C08182008822B00BC5D58 /* PBXTargetDependency */ = {
			isa = PBXTargetDependency;
			target = 4C9C07F62008822A00BC5D58 /* storyBoardLess */;
			targetProxy = 4C9C08172008822B00BC5D58 /* PBXContainerItemProxy */;
		};
/* End PBXTargetDependency section */

/* Begin PBXVariantGroup section */
		4C9C07FE2008822A00BC5D58 /* Main.storyboard */ = {
			isa = PBXVariantGroup;
			children = (
				4C9C07FF2008822A00BC5D58 /* Base */,
			);
			name = Main.storyboard;
			sourceTree = "<group>";
		};
		4C9C08032008822A00BC5D58 /* LaunchScreen.storyboard */ = {
			isa = PBXVariantGroup;
			children = (
				4C9C08042008822A00BC5D58 /* Base */,
			);
			name = LaunchScreen.storyboard;
			sourceTree = "<group>";
		};
/* End PBXVariantGroup section */

/* Begin XCBuildConfiguration section */
		4C9C081D2008822B00BC5D58 /* Debug */ = {
			isa = XCBuildConfiguration;
			buildSettings = {
				ALWAYS_SEARCH_USER_PATHS = NO;
				CLANG_ANALYZER_NONNULL = YES;
				CLANG_ANALYZER_NUMBER_OBJECT_CONVERSION = YES_AGGRESSIVE;
				CLANG_CXX_LANGUAGE_STANDARD = "gnu++14";
				CLANG_CXX_LIBRARY = "libc++";
				CLANG_ENABLE_MODULES = YES;
				CLANG_ENABLE_OBJC_ARC = YES;
				CLANG_WARN_BLOCK_CAPTURE_AUTORELEASING = YES;
				CLANG_WARN_BOOL_CONVERSION = YES;
				CLANG_WARN_COMMA = YES;
				CLANG_WARN_CONSTANT_CONVERSION = YES;
				CLANG_WARN_DIRECT_OBJC_ISA_USAGE = YES_ERROR;
				CLANG_WARN_DOCUMENTATION_COMMENTS = YES;
				CLANG_WARN_EMPTY_BODY = YES;
				CLANG_WARN_ENUM_CONVERSION = YES;
				CLANG_WARN_INFINITE_RECURSION = YES;
				CLANG_WARN_INT_CONVERSION = YES;
				CLANG_WARN_NON_LITERAL_NULL_CONVERSION = YES;
				CLANG_WARN_OBJC_LITERAL_CONVERSION = YES;
				CLANG_WARN_OBJC_ROOT_CLASS = YES_ERROR;
				CLANG_WARN_RANGE_LOOP_ANALYSIS = YES;
				CLANG_WARN_STRICT_PROTOTYPES = YES;
				CLANG_WARN_SUSPICIOUS_MOVE = YES;
				CLANG_WARN_UNGUARDED_AVAILABILITY = YES_AGGRESSIVE;
				CLANG_WARN_UNREACHABLE_CODE = YES;
				CLANG_WARN__DUPLICATE_METHOD_MATCH = YES;
				CODE_SIGN_IDENTITY = "iPhone Developer";
				COPY_PHASE_STRIP = NO;
				DEBUG_INFORMATION_FORMAT = dwarf;
				ENABLE_STRICT_OBJC_MSGSEND = YES;
				ENABLE_TESTABILITY = YES;
				GCC_C_LANGUAGE_STANDARD = gnu11;
				GCC_DYNAMIC_NO_PIC = NO;
				GCC_NO_COMMON_BLOCKS = YES;
				GCC_OPTIMIZATION_LEVEL = 0;
				GCC_PREPROCESSOR_DEFINITIONS = (
					"DEBUG=1",
					"$(inherited)",
				);
				GCC_WARN_64_TO_32_BIT_CONVERSION = YES;
				GCC_WARN_ABOUT_RETURN_TYPE = YES_ERROR;
				GCC_WARN_UNDECLARED_SELECTOR = YES;
				GCC_WARN_UNINITIALIZED_AUTOS = YES_AGGRESSIVE;
				GCC_WARN_UNUSED_FUNCTION = YES;
				GCC_WARN_UNUSED_VARIABLE = YES;
				IPHONEOS_DEPLOYMENT_TARGET = 11.2;
				MTL_ENABLE_DEBUG_INFO = YES;
				ONLY_ACTIVE_ARCH = YES;
				SDKROOT = iphoneos;
				SWIFT_ACTIVE_COMPILATION_CONDITIONS = DEBUG;
				SWIFT_OPTIMIZATION_LEVEL = "-Onone";
			};
			name = Debug;
		};
		4C9C081E2008822B00BC5D58 /* Release */ = {
			isa = XCBuildConfiguration;
			buildSettings = {
				ALWAYS_SEARCH_USER_PATHS = NO;
				CLANG_ANALYZER_NONNULL = YES;
				CLANG_ANALYZER_NUMBER_OBJECT_CONVERSION = YES_AGGRESSIVE;
				CLANG_CXX_LANGUAGE_STANDARD = "gnu++14";
				CLANG_CXX_LIBRARY = "libc++";
				CLANG_ENABLE_MODULES = YES;
				CLANG_ENABLE_OBJC_ARC = YES;
				CLANG_WARN_BLOCK_CAPTURE_AUTORELEASING = YES;
				CLANG_WARN_BOOL_CONVERSION = YES;
				CLANG_WARN_COMMA = YES;
				CLANG_WARN_CONSTANT_CONVERSION = YES;
				CLANG_WARN_DIRECT_OBJC_ISA_USAGE = YES_ERROR;
				CLANG_WARN_DOCUMENTATION_COMMENTS = YES;
				CLANG_WARN_EMPTY_BODY = YES;
				CLANG_WARN_ENUM_CONVERSION = YES;
				CLANG_WARN_INFINITE_RECURSION = YES;
				CLANG_WARN_INT_CONVERSION = YES;
				CLANG_WARN_NON_LITERAL_NULL_CONVERSION = YES;
				CLANG_WARN_OBJC_LITERAL_CONVERSION = YES;
				CLANG_WARN_OBJC_ROOT_CLASS = YES_ERROR;
				CLANG_WARN_RANGE_LOOP_ANALYSIS = YES;
				CLANG_WARN_STRICT_PROTOTYPES = YES;
				CLANG_WARN_SUSPICIOUS_MOVE = YES;
				CLANG_WARN_UNGUARDED_AVAILABILITY = YES_AGGRESSIVE;
				CLANG_WARN_UNREACHABLE_CODE = YES;
				CLANG_WARN__DUPLICATE_METHOD_MATCH = YES;
				CODE_SIGN_IDENTITY = "iPhone Developer";
				COPY_PHASE_STRIP = NO;
				DEBUG_INFORMATION_FORMAT = "dwarf-with-dsym";
				ENABLE_NS_ASSERTIONS = NO;
				ENABLE_STRICT_OBJC_MSGSEND = YES;
				GCC_C_LANGUAGE_STANDARD = gnu11;
				GCC_NO_COMMON_BLOCKS = YES;
				GCC_WARN_64_TO_32_BIT_CONVERSION = YES;
				GCC_WARN_ABOUT_RETURN_TYPE = YES_ERROR;
				GCC_WARN_UNDECLARED_SELECTOR = YES;
				GCC_WARN_UNINITIALIZED_AUTOS = YES_AGGRESSIVE;
				GCC_WARN_UNUSED_FUNCTION = YES;
				GCC_WARN_UNUSED_VARIABLE = YES;
				IPHONEOS_DEPLOYMENT_TARGET = 11.2;
				MTL_ENABLE_DEBUG_INFO = NO;
				SDKROOT = iphoneos;
				SWIFT_OPTIMIZATION_LEVEL = "-Owholemodule";
				VALIDATE_PRODUCT = YES;
			};
			name = Release;
		};
		4C9C08202008822B00BC5D58 /* Debug */ = {
			isa = XCBuildConfiguration;
			baseConfigurationReference = A414843260F646F297DE68F8 /* Pods-storyBoardLess.debug.xcconfig */;
			buildSettings = {
				ASSETCATALOG_COMPILER_APPICON_NAME = AppIcon;
				CODE_SIGN_STYLE = Automatic;
				INFOPLIST_FILE = storyBoardLess/Info.plist;
				LD_RUNPATH_SEARCH_PATHS = "$(inherited) @executable_path/Frameworks";
				PRODUCT_BUNDLE_IDENTIFIER = com.yamasho.storyBoardLess;
				PRODUCT_NAME = "$(TARGET_NAME)";
				SWIFT_VERSION = 4.0;
				TARGETED_DEVICE_FAMILY = "1,2";
			};
			name = Debug;
		};
		4C9C08212008822B00BC5D58 /* Release */ = {
			isa = XCBuildConfiguration;
			baseConfigurationReference = 98FA323EC46E28560A5465E4 /* Pods-storyBoardLess.release.xcconfig */;
			buildSettings = {
				ASSETCATALOG_COMPILER_APPICON_NAME = AppIcon;
				CODE_SIGN_STYLE = Automatic;
				INFOPLIST_FILE = storyBoardLess/Info.plist;
				LD_RUNPATH_SEARCH_PATHS = "$(inherited) @executable_path/Frameworks";
				PRODUCT_BUNDLE_IDENTIFIER = com.yamasho.storyBoardLess;
				PRODUCT_NAME = "$(TARGET_NAME)";
				SWIFT_VERSION = 4.0;
				TARGETED_DEVICE_FAMILY = "1,2";
			};
			name = Release;
		};
		4C9C08232008822B00BC5D58 /* Debug */ = {
			isa = XCBuildConfiguration;
			baseConfigurationReference = F0D893DF46D3ACA8993CC5F4 /* Pods-storyBoardLessTests.debug.xcconfig */;
			buildSettings = {
				ALWAYS_EMBED_SWIFT_STANDARD_LIBRARIES = YES;
				BUNDLE_LOADER = "$(TEST_HOST)";
				CODE_SIGN_STYLE = Automatic;
				INFOPLIST_FILE = storyBoardLessTests/Info.plist;
				LD_RUNPATH_SEARCH_PATHS = "$(inherited) @executable_path/Frameworks @loader_path/Frameworks";
				PRODUCT_BUNDLE_IDENTIFIER = com.yamasho.storyBoardLessTests;
				PRODUCT_NAME = "$(TARGET_NAME)";
				SWIFT_VERSION = 4.0;
				TARGETED_DEVICE_FAMILY = "1,2";
				TEST_HOST = "$(BUILT_PRODUCTS_DIR)/storyBoardLess.app/storyBoardLess";
			};
			name = Debug;
		};
		4C9C08242008822B00BC5D58 /* Release */ = {
			isa = XCBuildConfiguration;
			baseConfigurationReference = DA17A6B8D225B2101ACD753F /* Pods-storyBoardLessTests.release.xcconfig */;
			buildSettings = {
				ALWAYS_EMBED_SWIFT_STANDARD_LIBRARIES = YES;
				BUNDLE_LOADER = "$(TEST_HOST)";
				CODE_SIGN_STYLE = Automatic;
				INFOPLIST_FILE = storyBoardLessTests/Info.plist;
				LD_RUNPATH_SEARCH_PATHS = "$(inherited) @executable_path/Frameworks @loader_path/Frameworks";
				PRODUCT_BUNDLE_IDENTIFIER = com.yamasho.storyBoardLessTests;
				PRODUCT_NAME = "$(TARGET_NAME)";
				SWIFT_VERSION = 4.0;
				TARGETED_DEVICE_FAMILY = "1,2";
				TEST_HOST = "$(BUILT_PRODUCTS_DIR)/storyBoardLess.app/storyBoardLess";
			};
			name = Release;
		};
		4C9C08262008822B00BC5D58 /* Debug */ = {
			isa = XCBuildConfiguration;
			baseConfigurationReference = 4DB775AC864589A8CCEAA9A1 /* Pods-storyBoardLessUITests.debug.xcconfig */;
			buildSettings = {
				ALWAYS_EMBED_SWIFT_STANDARD_LIBRARIES = YES;
				CODE_SIGN_STYLE = Automatic;
				INFOPLIST_FILE = storyBoardLessUITests/Info.plist;
				LD_RUNPATH_SEARCH_PATHS = "$(inherited) @executable_path/Frameworks @loader_path/Frameworks";
				PRODUCT_BUNDLE_IDENTIFIER = com.yamasho.storyBoardLessUITests;
				PRODUCT_NAME = "$(TARGET_NAME)";
				SWIFT_VERSION = 4.0;
				TARGETED_DEVICE_FAMILY = "1,2";
				TEST_TARGET_NAME = storyBoardLess;
			};
			name = Debug;
		};
		4C9C08272008822B00BC5D58 /* Release */ = {
			isa = XCBuildConfiguration;
			baseConfigurationReference = FB8F88A94C4D6CD1533554EA /* Pods-storyBoardLessUITests.release.xcconfig */;
			buildSettings = {
				ALWAYS_EMBED_SWIFT_STANDARD_LIBRARIES = YES;
				CODE_SIGN_STYLE = Automatic;
				INFOPLIST_FILE = storyBoardLessUITests/Info.plist;
				LD_RUNPATH_SEARCH_PATHS = "$(inherited) @executable_path/Frameworks @loader_path/Frameworks";
				PRODUCT_BUNDLE_IDENTIFIER = com.yamasho.storyBoardLessUITests;
				PRODUCT_NAME = "$(TARGET_NAME)";
				SWIFT_VERSION = 4.0;
				TARGETED_DEVICE_FAMILY = "1,2";
				TEST_TARGET_NAME = storyBoardLess;
			};
			name = Release;
		};
/* End XCBuildConfiguration section */

/* Begin XCConfigurationList section */
		4C9C07F22008822A00BC5D58 /* Build configuration list for PBXProject "storyBoardLess" */ = {
			isa = XCConfigurationList;
			buildConfigurations = (
				4C9C081D2008822B00BC5D58 /* Debug */,
				4C9C081E2008822B00BC5D58 /* Release */,
			);
			defaultConfigurationIsVisible = 0;
			defaultConfigurationName = Release;
		};
		4C9C081F2008822B00BC5D58 /* Build configuration list for PBXNativeTarget "storyBoardLess" */ = {
			isa = XCConfigurationList;
			buildConfigurations = (
				4C9C08202008822B00BC5D58 /* Debug */,
				4C9C08212008822B00BC5D58 /* Release */,
			);
			defaultConfigurationIsVisible = 0;
			defaultConfigurationName = Release;
		};
		4C9C08222008822B00BC5D58 /* Build configuration list for PBXNativeTarget "storyBoardLessTests" */ = {
			isa = XCConfigurationList;
			buildConfigurations = (
				4C9C08232008822B00BC5D58 /* Debug */,
				4C9C08242008822B00BC5D58 /* Release */,
			);
			defaultConfigurationIsVisible = 0;
			defaultConfigurationName = Release;
		};
		4C9C08252008822B00BC5D58 /* Build configuration list for PBXNativeTarget "storyBoardLessUITests" */ = {
			isa = XCConfigurationList;
			buildConfigurations = (
				4C9C08262008822B00BC5D58 /* Debug */,
				4C9C08272008822B00BC5D58 /* Release */,
			);
			defaultConfigurationIsVisible = 0;
			defaultConfigurationName = Release;
		};
/* End XCConfigurationList section */
	};
	rootObject = 4C9C07EF2008822A00BC5D58 /* Project object */;
}
